{
  "name": "rentalfinder",
  "version": "1.0.0",
  "lockfileVersion": 3,
  "requires": true,
  "packages": {
    "": {
      "name": "rentalfinder",
      "version": "1.0.0",
      "dependencies": {
        "rentalfinder": "file:"
      },
      "engines": {
        "node": "20.x",
        "npm": "10.x"
      }
    },
    "node_modules/rentalfinder": {
      "resolved": "",
      "link": true
    }
  }
}
